
Microsoft Visual Studio Solution File, Format Version 12.00
# Visual Studio Version 16
VisualStudioVersion = 16.0.28803.352
MinimumVisualStudioVersion = 10.0.40219.1
Project("{9A19103F-16F7-4668-BE54-9A1E7A4F7556}") = "Mmu.AzureDevOpsWikiBackupSystem2", "Sources\Application\Mmu.AzureDevOpsWikiBackupSystem2.csproj", "{1261E14A-A25A-4F59-B581-B0E836B81109}"
EndProject
Global
	GlobalSection(SolutionConfigurationPlatforms) = preSolution
		Debug|Any CPU = Debug|Any CPU
		Release|Any CPU = Release|Any CPU
	EndGlobalSection
	GlobalSection(ProjectConfigurationPlatforms) = postSolution
		{1261E14A-A25A-4F59-B581-B0E836B81109}.Debug|Any CPU.ActiveCfg = Debug|Any CPU
		{1261E14A-A25A-4F59-B581-B0E836B81109}.Debug|Any CPU.Build.0 = Debug|Any CPU
		{1261E14A-A25A-4F59-B581-B0E836B81109}.Release|Any CPU.ActiveCfg = Release|Any CPU
		{1261E14A-A25A-4F59-B581-B0E836B81109}.Release|Any CPU.Build.0 = Release|Any CPU
	EndGlobalSection
	GlobalSection(SolutionProperties) = preSolution
		HideSolutionNode = FALSE
	EndGlobalSection
	GlobalSection(ExtensibilityGlobals) = postSolution
		SolutionGuid = {48173F2E-8AA2-4AE2-B697-46B6FF74C418}
	EndGlobalSection
EndGlobal
